{
  "name": "@zx-libs/utils",
  "version": "0.0.7",
  "lockfileVersion": 3,
  "requires": true,
  "packages": {
    "": {
      "name": "@zx-libs/utils",
      "version": "0.0.7",
      "license": "MIT",
      "dependencies": {
        "date-utils-2020": "^1.1.2"
      },
      "engines": {
        "node": ">=20.0.0",
        "npm": ">=10.0.0"
      }
    },
    "node_modules/date-utils-2020": {
      "version": "1.1.2",
      "resolved": "https://registry.npmjs.org/date-utils-2020/-/date-utils-2020-1.1.2.tgz",
      "integrity": "sha512-Fj/YboJBzvzVPBYOcbjqbuAw9C8GlezjgCGSXPG4DM5oDt0i13x9B8Pd7qNPx9tXmqw4G4KPW5PJYG2ICGSqwQ=="
    }
  }
}
