{
  "name": "@zx-libs/docgen",
  "version": "0.0.4",
  "lockfileVersion": 3,
  "requires": true,
  "packages": {
    "": {
      "name": "@zx-libs/docgen",
      "version": "0.0.4",
      "license": "MIT",
      "devDependencies": {},
      "engines": {
        "node": ">=20.0.0",
        "npm": ">=10.0.0"
      }
    }
  }
}
