{
  "name": "@zx-libs/header",
  "version": "0.0.3",
  "lockfileVersion": 3,
  "requires": true,
  "packages": {
    "": {
      "name": "@zx-libs/header",
      "version": "0.0.3",
      "license": "MIT",
      "dependencies": {
        "@zx-libs/utils": "*"
      },
      "engines": {
        "node": ">=20.0.0",
        "npm": ">=10.0.0"
      }
    },
    "node_modules/@zx-libs/utils": {
      "version": "0.0.6",
      "resolved": "https://registry.npmjs.org/@zx-libs/utils/-/utils-0.0.6.tgz",
      "integrity": "sha512-nLtau//HmhEw5YJKXpH9rTKGsjAPT0cfg96n6wd9aD6OC/PjctyRtegJIWDJCEVqY6Ib80sSu3bYkTQ/Eg+GNQ==",
      "dependencies": {
        "date-utils-2020": "^1.1.2"
      },
      "engines": {
        "node": ">=20.0.0",
        "npm": ">=10.0.0"
      }
    },
    "node_modules/date-utils-2020": {
      "version": "1.1.2",
      "resolved": "https://registry.npmjs.org/date-utils-2020/-/date-utils-2020-1.1.2.tgz",
      "integrity": "sha512-Fj/YboJBzvzVPBYOcbjqbuAw9C8GlezjgCGSXPG4DM5oDt0i13x9B8Pd7qNPx9tXmqw4G4KPW5PJYG2ICGSqwQ=="
    }
  }
}
